
Microsoft Visual Studio Solution File, Format Version 12.00
# Visual Studio 14
VisualStudioVersion = 14.0.25420.1
MinimumVisualStudioVersion = 10.0.40219.1
Project("{FAE04EC0-301F-11D3-BF4B-00C04F79EFBC}") = "2. Models", "Models\2. Models.csproj", "{97D41E4F-9763-4D1F-9F52-D88632145BD5}"
EndProject
Project("{FAE04EC0-301F-11D3-BF4B-00C04F79EFBC}") = "3. DAL", "DAL\3. DAL.csproj", "{883ABCEB-2B31-4927-9020-8C573342F63B}"
EndProject
Project("{FAE04EC0-301F-11D3-BF4B-00C04F79EFBC}") = "1. MediaSharingSystem", "MediaSharingSystem\1. MediaSharingSystem.csproj", "{E4C8CD71-7C50-48F4-8AEC-B3E2B4E15363}"
EndProject
Project("{FAE04EC0-301F-11D3-BF4B-00C04F79EFBC}") = "SocialEventUnitTestProject", "SocialEventUnitTestProject\SocialEventUnitTestProject.csproj", "{70595271-6D6F-42EC-97C4-AED5ABA01B6D}"
EndProject
Project("{FAE04EC0-301F-11D3-BF4B-00C04F79EFBC}") = "1. AccesControlSystem", "AccesControlSystem\1. AccesControlSystem.csproj", "{D8D0E25E-1876-458F-BF48-A16A22B2A2A9}"
EndProject
Global
	GlobalSection(SolutionConfigurationPlatforms) = preSolution
		Debug|Any CPU = Debug|Any CPU
		Release|Any CPU = Release|Any CPU
	EndGlobalSection
	GlobalSection(ProjectConfigurationPlatforms) = postSolution
		{97D41E4F-9763-4D1F-9F52-D88632145BD5}.Debug|Any CPU.ActiveCfg = Debug|Any CPU
		{97D41E4F-9763-4D1F-9F52-D88632145BD5}.Debug|Any CPU.Build.0 = Debug|Any CPU
		{97D41E4F-9763-4D1F-9F52-D88632145BD5}.Release|Any CPU.ActiveCfg = Release|Any CPU
		{97D41E4F-9763-4D1F-9F52-D88632145BD5}.Release|Any CPU.Build.0 = Release|Any CPU
		{883ABCEB-2B31-4927-9020-8C573342F63B}.Debug|Any CPU.ActiveCfg = Debug|Any CPU
		{883ABCEB-2B31-4927-9020-8C573342F63B}.Debug|Any CPU.Build.0 = Debug|Any CPU
		{883ABCEB-2B31-4927-9020-8C573342F63B}.Release|Any CPU.ActiveCfg = Release|Any CPU
		{883ABCEB-2B31-4927-9020-8C573342F63B}.Release|Any CPU.Build.0 = Release|Any CPU
		{E4C8CD71-7C50-48F4-8AEC-B3E2B4E15363}.Debug|Any CPU.ActiveCfg = Release|Any CPU
		{E4C8CD71-7C50-48F4-8AEC-B3E2B4E15363}.Debug|Any CPU.Build.0 = Release|Any CPU
		{E4C8CD71-7C50-48F4-8AEC-B3E2B4E15363}.Release|Any CPU.ActiveCfg = Release|Any CPU
		{E4C8CD71-7C50-48F4-8AEC-B3E2B4E15363}.Release|Any CPU.Build.0 = Release|Any CPU
		{70595271-6D6F-42EC-97C4-AED5ABA01B6D}.Debug|Any CPU.ActiveCfg = Debug|Any CPU
		{70595271-6D6F-42EC-97C4-AED5ABA01B6D}.Debug|Any CPU.Build.0 = Debug|Any CPU
		{70595271-6D6F-42EC-97C4-AED5ABA01B6D}.Release|Any CPU.ActiveCfg = Release|Any CPU
		{70595271-6D6F-42EC-97C4-AED5ABA01B6D}.Release|Any CPU.Build.0 = Release|Any CPU
		{D8D0E25E-1876-458F-BF48-A16A22B2A2A9}.Debug|Any CPU.ActiveCfg = Debug|Any CPU
		{D8D0E25E-1876-458F-BF48-A16A22B2A2A9}.Debug|Any CPU.Build.0 = Debug|Any CPU
		{D8D0E25E-1876-458F-BF48-A16A22B2A2A9}.Release|Any CPU.ActiveCfg = Release|Any CPU
		{D8D0E25E-1876-458F-BF48-A16A22B2A2A9}.Release|Any CPU.Build.0 = Release|Any CPU
	EndGlobalSection
	GlobalSection(SolutionProperties) = preSolution
		HideSolutionNode = FALSE
	EndGlobalSection
EndGlobal
